
Microsoft Visual Studio Solution File, Format Version 12.00
# Visual Studio Version 16
VisualStudioVersion = 16.0.30608.117
MinimumVisualStudioVersion = 10.0.40219.1
Project("{9A19103F-16F7-4668-BE54-9A1E7A4F7556}") = "FuturamaLib", "FuturamaLib\FuturamaLib.csproj", "{CAD9FDF8-9A69-4B56-89FF-0DDD4F669740}"
EndProject
Project("{9A19103F-16F7-4668-BE54-9A1E7A4F7556}") = "FileExtractor", "FileExtractor\FileExtractor.csproj", "{76C71EEF-BBFB-4D30-B9F5-078C4404A77C}"
EndProject
Project("{9A19103F-16F7-4668-BE54-9A1E7A4F7556}") = "FuturamaLib.Test", "FuturamaLib.Test\FuturamaLib.Test.csproj", "{F658D3E9-B943-4503-B878-4A9655C3D06B}"
EndProject
Global
	GlobalSection(SolutionConfigurationPlatforms) = preSolution
		Debug|Any CPU = Debug|Any CPU
		Release|Any CPU = Release|Any CPU
	EndGlobalSection
	GlobalSection(ProjectConfigurationPlatforms) = postSolution
		{CAD9FDF8-9A69-4B56-89FF-0DDD4F669740}.Debug|Any CPU.ActiveCfg = Debug|Any CPU
		{CAD9FDF8-9A69-4B56-89FF-0DDD4F669740}.Debug|Any CPU.Build.0 = Debug|Any CPU
		{CAD9FDF8-9A69-4B56-89FF-0DDD4F669740}.Release|Any CPU.ActiveCfg = Release|Any CPU
		{CAD9FDF8-9A69-4B56-89FF-0DDD4F669740}.Release|Any CPU.Build.0 = Release|Any CPU
		{76C71EEF-BBFB-4D30-B9F5-078C4404A77C}.Debug|Any CPU.ActiveCfg = Debug|Any CPU
		{76C71EEF-BBFB-4D30-B9F5-078C4404A77C}.Debug|Any CPU.Build.0 = Debug|Any CPU
		{76C71EEF-BBFB-4D30-B9F5-078C4404A77C}.Release|Any CPU.ActiveCfg = Release|Any CPU
		{76C71EEF-BBFB-4D30-B9F5-078C4404A77C}.Release|Any CPU.Build.0 = Release|Any CPU
		{F658D3E9-B943-4503-B878-4A9655C3D06B}.Debug|Any CPU.ActiveCfg = Debug|Any CPU
		{F658D3E9-B943-4503-B878-4A9655C3D06B}.Debug|Any CPU.Build.0 = Debug|Any CPU
		{F658D3E9-B943-4503-B878-4A9655C3D06B}.Release|Any CPU.ActiveCfg = Release|Any CPU
		{F658D3E9-B943-4503-B878-4A9655C3D06B}.Release|Any CPU.Build.0 = Release|Any CPU
	EndGlobalSection
	GlobalSection(SolutionProperties) = preSolution
		HideSolutionNode = FALSE
	EndGlobalSection
	GlobalSection(ExtensibilityGlobals) = postSolution
		SolutionGuid = {1FBA3D49-C099-4EED-8D22-81D2218DD149}
	EndGlobalSection
EndGlobal
